
Microsoft Visual Studio Solution File, Format Version 12.00
# Visual Studio Version 16
VisualStudioVersion = 16.0.32510.428
MinimumVisualStudioVersion = 10.0.40219.1
Project("{FAE04EC0-301F-11D3-BF4B-00C04F79EFBC}") = "SimpleDeploymentTool", "SimpleDeploymentTool.csproj", "{B91CD7B5-09A8-4C75-B434-0E27CD54D362}"
EndProject
Global
	GlobalSection(SolutionConfigurationPlatforms) = preSolution
		Debug|Any CPU = Debug|Any CPU
		Release|Any CPU = Release|Any CPU
	EndGlobalSection
	GlobalSection(ProjectConfigurationPlatforms) = postSolution
		{B91CD7B5-09A8-4C75-B434-0E27CD54D362}.Debug|Any CPU.ActiveCfg = Debug|Any CPU
		{B91CD7B5-09A8-4C75-B434-0E27CD54D362}.Debug|Any CPU.Build.0 = Debug|Any CPU
		{B91CD7B5-09A8-4C75-B434-0E27CD54D362}.Release|Any CPU.ActiveCfg = Release|Any CPU
		{B91CD7B5-09A8-4C75-B434-0E27CD54D362}.Release|Any CPU.Build.0 = Release|Any CPU
	EndGlobalSection
	GlobalSection(SolutionProperties) = preSolution
		HideSolutionNode = FALSE
	EndGlobalSection
	GlobalSection(ExtensibilityGlobals) = postSolution
		SolutionGuid = {558C96DF-B53B-4354-A514-ABB691F0BF34}
	EndGlobalSection
EndGlobal
